
Microsoft Visual Studio Solution File, Format Version 12.00
# Visual Studio 15
VisualStudioVersion = 15.0.26124.0
MinimumVisualStudioVersion = 15.0.26124.0
Project("{FAE04EC0-301F-11D3-BF4B-00C04F79EFBC}") = "MergedIntervals", "MergedIntervals\MergedIntervals.csproj", "{3AA0AB0C-167D-4BFE-81E6-7E01E23A765F}"
EndProject
Project("{FAE04EC0-301F-11D3-BF4B-00C04F79EFBC}") = "MergedIntervals.Core.Tests", "Tests\MergedIntervals.Core.Tests\MergedIntervals.Core.Tests.csproj", "{007435E7-A58C-485C-BCFF-C9C86C35DC1C}"
EndProject
Project("{FAE04EC0-301F-11D3-BF4B-00C04F79EFBC}") = "MergedIntervals.Core", "MergedIntervals.Core\MergedIntervals.Core.csproj", "{C5315F8D-99B1-41B8-999C-4B72CC6B008D}"
EndProject
Project("{2150E333-8FDC-42A3-9474-1A3956D46DE8}") = "Tests", "Tests", "{8BE9E1F0-FB8E-11EA-855E-7D5A6E8DA7FE}"
EndProject
Global
	GlobalSection(SolutionConfigurationPlatforms) = preSolution
		Debug|Any CPU = Debug|Any CPU
		Debug|x64 = Debug|x64
		Debug|x86 = Debug|x86
		Release|Any CPU = Release|Any CPU
		Release|x64 = Release|x64
		Release|x86 = Release|x86
	EndGlobalSection
	GlobalSection(SolutionProperties) = preSolution
		HideSolutionNode = FALSE
	EndGlobalSection
	GlobalSection(ProjectConfigurationPlatforms) = postSolution
		{3AA0AB0C-167D-4BFE-81E6-7E01E23A765F}.Debug|Any CPU.ActiveCfg = Debug|Any CPU
		{3AA0AB0C-167D-4BFE-81E6-7E01E23A765F}.Debug|Any CPU.Build.0 = Debug|Any CPU
		{3AA0AB0C-167D-4BFE-81E6-7E01E23A765F}.Debug|x64.ActiveCfg = Debug|Any CPU
		{3AA0AB0C-167D-4BFE-81E6-7E01E23A765F}.Debug|x64.Build.0 = Debug|Any CPU
		{3AA0AB0C-167D-4BFE-81E6-7E01E23A765F}.Debug|x86.ActiveCfg = Debug|Any CPU
		{3AA0AB0C-167D-4BFE-81E6-7E01E23A765F}.Debug|x86.Build.0 = Debug|Any CPU
		{3AA0AB0C-167D-4BFE-81E6-7E01E23A765F}.Release|Any CPU.ActiveCfg = Release|Any CPU
		{3AA0AB0C-167D-4BFE-81E6-7E01E23A765F}.Release|Any CPU.Build.0 = Release|Any CPU
		{3AA0AB0C-167D-4BFE-81E6-7E01E23A765F}.Release|x64.ActiveCfg = Release|Any CPU
		{3AA0AB0C-167D-4BFE-81E6-7E01E23A765F}.Release|x64.Build.0 = Release|Any CPU
		{3AA0AB0C-167D-4BFE-81E6-7E01E23A765F}.Release|x86.ActiveCfg = Release|Any CPU
		{3AA0AB0C-167D-4BFE-81E6-7E01E23A765F}.Release|x86.Build.0 = Release|Any CPU
		{007435E7-A58C-485C-BCFF-C9C86C35DC1C}.Debug|Any CPU.ActiveCfg = Debug|Any CPU
		{007435E7-A58C-485C-BCFF-C9C86C35DC1C}.Debug|Any CPU.Build.0 = Debug|Any CPU
		{007435E7-A58C-485C-BCFF-C9C86C35DC1C}.Debug|x64.ActiveCfg = Debug|Any CPU
		{007435E7-A58C-485C-BCFF-C9C86C35DC1C}.Debug|x64.Build.0 = Debug|Any CPU
		{007435E7-A58C-485C-BCFF-C9C86C35DC1C}.Debug|x86.ActiveCfg = Debug|Any CPU
		{007435E7-A58C-485C-BCFF-C9C86C35DC1C}.Debug|x86.Build.0 = Debug|Any CPU
		{007435E7-A58C-485C-BCFF-C9C86C35DC1C}.Release|Any CPU.ActiveCfg = Release|Any CPU
		{007435E7-A58C-485C-BCFF-C9C86C35DC1C}.Release|Any CPU.Build.0 = Release|Any CPU
		{007435E7-A58C-485C-BCFF-C9C86C35DC1C}.Release|x64.ActiveCfg = Release|Any CPU
		{007435E7-A58C-485C-BCFF-C9C86C35DC1C}.Release|x64.Build.0 = Release|Any CPU
		{007435E7-A58C-485C-BCFF-C9C86C35DC1C}.Release|x86.ActiveCfg = Release|Any CPU
		{007435E7-A58C-485C-BCFF-C9C86C35DC1C}.Release|x86.Build.0 = Release|Any CPU
		{C5315F8D-99B1-41B8-999C-4B72CC6B008D}.Debug|Any CPU.ActiveCfg = Debug|Any CPU
		{C5315F8D-99B1-41B8-999C-4B72CC6B008D}.Debug|Any CPU.Build.0 = Debug|Any CPU
		{C5315F8D-99B1-41B8-999C-4B72CC6B008D}.Debug|x64.ActiveCfg = Debug|Any CPU
		{C5315F8D-99B1-41B8-999C-4B72CC6B008D}.Debug|x64.Build.0 = Debug|Any CPU
		{C5315F8D-99B1-41B8-999C-4B72CC6B008D}.Debug|x86.ActiveCfg = Debug|Any CPU
		{C5315F8D-99B1-41B8-999C-4B72CC6B008D}.Debug|x86.Build.0 = Debug|Any CPU
		{C5315F8D-99B1-41B8-999C-4B72CC6B008D}.Release|Any CPU.ActiveCfg = Release|Any CPU
		{C5315F8D-99B1-41B8-999C-4B72CC6B008D}.Release|Any CPU.Build.0 = Release|Any CPU
		{C5315F8D-99B1-41B8-999C-4B72CC6B008D}.Release|x64.ActiveCfg = Release|Any CPU
		{C5315F8D-99B1-41B8-999C-4B72CC6B008D}.Release|x64.Build.0 = Release|Any CPU
		{C5315F8D-99B1-41B8-999C-4B72CC6B008D}.Release|x86.ActiveCfg = Release|Any CPU
		{C5315F8D-99B1-41B8-999C-4B72CC6B008D}.Release|x86.Build.0 = Release|Any CPU
	EndGlobalSection
	GlobalSection(NestedProjects) = preSolution
		{007435E7-A58C-485C-BCFF-C9C86C35DC1C} = {8BE9E1F0-FB8E-11EA-855E-7D5A6E8DA7FE}
	EndGlobalSection
EndGlobal
